// !$*UTF8*$!
{
	archiveVersion = 1;
	classes = {
	};
	objectVersion = 52;
	objects = {

/* Begin PBXBuildFile section */
		5892262A24B49CE900DFC134 /* Country.swift in Sources */ = {isa = PBXBuildFile; fileRef = 5892262924B49CE900DFC134 /* Country.swift */; };
		5892262D24B49D5300DFC134 /* NetworkManager.swift in Sources */ = {isa = PBXBuildFile; fileRef = 5892262C24B49D5300DFC134 /* NetworkManager.swift */; };
		5892263224B4A11000DFC134 /* Alamofire in Frameworks */ = {isa = PBXBuildFile; productRef = 5892263124B4A11000DFC134 /* Alamofire */; };
		5892263324B4AA0B00DFC134 /* NetworkManager.swift in Sources */ = {isa = PBXBuildFile; fileRef = 5892262C24B49D5300DFC134 /* NetworkManager.swift */; };
		5892263524B4AA1B00DFC134 /* Alamofire in Frameworks */ = {isa = PBXBuildFile; productRef = 5892263424B4AA1B00DFC134 /* Alamofire */; };
		58A21ABF24B3469100334E17 /* AppDelegate.swift in Sources */ = {isa = PBXBuildFile; fileRef = 58A21ABE24B3469100334E17 /* AppDelegate.swift */; };
		58A21AC124B3469100334E17 /* SceneDelegate.swift in Sources */ = {isa = PBXBuildFile; fileRef = 58A21AC024B3469100334E17 /* SceneDelegate.swift */; };
		58A21AC324B3469100334E17 /* ContentView.swift in Sources */ = {isa = PBXBuildFile; fileRef = 58A21AC224B3469100334E17 /* ContentView.swift */; };
		58A21AC524B3469300334E17 /* Assets.xcassets in Resources */ = {isa = PBXBuildFile; fileRef = 58A21AC424B3469300334E17 /* Assets.xcassets */; };
		58A21AC824B3469300334E17 /* Preview Assets.xcassets in Resources */ = {isa = PBXBuildFile; fileRef = 58A21AC724B3469300334E17 /* Preview Assets.xcassets */; };
		58A21ACB24B3469300334E17 /* LaunchScreen.storyboard in Resources */ = {isa = PBXBuildFile; fileRef = 58A21AC924B3469300334E17 /* LaunchScreen.storyboard */; };
		58A21B2E24B34FAF00334E17 /* WidgetKit.framework in Frameworks */ = {isa = PBXBuildFile; fileRef = 58A21AD824B346B400334E17 /* WidgetKit.framework */; };
		58A21B2F24B34FAF00334E17 /* SwiftUI.framework in Frameworks */ = {isa = PBXBuildFile; fileRef = 58A21ADA24B346B400334E17 /* SwiftUI.framework */; };
		58A21B3224B34FAF00334E17 /* CoronaStats.swift in Sources */ = {isa = PBXBuildFile; fileRef = 58A21B3124B34FAF00334E17 /* CoronaStats.swift */; };
		58A21B3424B34FB100334E17 /* Assets.xcassets in Resources */ = {isa = PBXBuildFile; fileRef = 58A21B3324B34FB100334E17 /* Assets.xcassets */; };
		58A21B3824B34FB100334E17 /* CoronaStatsExtension.appex in Embed App Extensions */ = {isa = PBXBuildFile; fileRef = 58A21B2D24B34FAF00334E17 /* CoronaStatsExtension.appex */; settings = {ATTRIBUTES = (RemoveHeadersOnCopy, ); }; };
/* End PBXBuildFile section */

/* Begin PBXContainerItemProxy section */
		58A21B3624B34FB100334E17 /* PBXContainerItemProxy */ = {
			isa = PBXContainerItemProxy;
			containerPortal = 58A21AB324B3469100334E17 /* Project object */;
			proxyType = 1;
			remoteGlobalIDString = 58A21B2C24B34FAF00334E17;
			remoteInfo = CoronaStatsExtension;
		};
/* End PBXContainerItemProxy section */

/* Begin PBXCopyFilesBuildPhase section */
		58A21AE824B346B600334E17 /* Embed App Extensions */ = {
			isa = PBXCopyFilesBuildPhase;
			buildActionMask = 2147483647;
			dstPath = "";
			dstSubfolderSpec = 13;
			files = (
				58A21B3824B34FB100334E17 /* CoronaStatsExtension.appex in Embed App Extensions */,
			);
			name = "Embed App Extensions";
			runOnlyForDeploymentPostprocessing = 0;
		};
/* End PBXCopyFilesBuildPhase section */

/* Begin PBXFileReference section */
		5892262924B49CE900DFC134 /* Country.swift */ = {isa = PBXFileReference; lastKnownFileType = sourcecode.swift; path = Country.swift; sourceTree = "<group>"; };
		5892262C24B49D5300DFC134 /* NetworkManager.swift */ = {isa = PBXFileReference; lastKnownFileType = sourcecode.swift; path = NetworkManager.swift; sourceTree = "<group>"; };
		5892263624B4B5C600DFC134 /* CoronaStatsExtension.entitlements */ = {isa = PBXFileReference; lastKnownFileType = text.plist.entitlements; path = CoronaStatsExtension.entitlements; sourceTree = "<group>"; };
		5892263724B4B5D800DFC134 /* WidgetDemo.entitlements */ = {isa = PBXFileReference; lastKnownFileType = text.plist.entitlements; path = WidgetDemo.entitlements; sourceTree = "<group>"; };
		58A21ABB24B3469100334E17 /* WidgetDemo.app */ = {isa = PBXFileReference; explicitFileType = wrapper.application; includeInIndex = 0; path = WidgetDemo.app; sourceTree = BUILT_PRODUCTS_DIR; };
		58A21ABE24B3469100334E17 /* AppDelegate.swift */ = {isa = PBXFileReference; lastKnownFileType = sourcecode.swift; path = AppDelegate.swift; sourceTree = "<group>"; };
		58A21AC024B3469100334E17 /* SceneDelegate.swift */ = {isa = PBXFileReference; lastKnownFileType = sourcecode.swift; path = SceneDelegate.swift; sourceTree = "<group>"; };
		58A21AC224B3469100334E17 /* ContentView.swift */ = {isa = PBXFileReference; lastKnownFileType = sourcecode.swift; path = ContentView.swift; sourceTree = "<group>"; };
		58A21AC424B3469300334E17 /* Assets.xcassets */ = {isa = PBXFileReference; lastKnownFileType = folder.assetcatalog; path = Assets.xcassets; sourceTree = "<group>"; };
		58A21AC724B3469300334E17 /* Preview Assets.xcassets */ = {isa = PBXFileReference; lastKnownFileType = folder.assetcatalog; path = "Preview Assets.xcassets"; sourceTree = "<group>"; };
		58A21ACA24B3469300334E17 /* Base */ = {isa = PBXFileReference; lastKnownFileType = file.storyboard; name = Base; path = Base.lproj/LaunchScreen.storyboard; sourceTree = "<group>"; };
		58A21ACC24B3469300334E17 /* Info.plist */ = {isa = PBXFileReference; lastKnownFileType = text.plist.xml; path = Info.plist; sourceTree = "<group>"; };
		58A21AD824B346B400334E17 /* WidgetKit.framework */ = {isa = PBXFileReference; lastKnownFileType = wrapper.framework; name = WidgetKit.framework; path = System/Library/Frameworks/WidgetKit.framework; sourceTree = SDKROOT; };
		58A21ADA24B346B400334E17 /* SwiftUI.framework */ = {isa = PBXFileReference; lastKnownFileType = wrapper.framework; name = SwiftUI.framework; path = System/Library/Frameworks/SwiftUI.framework; sourceTree = SDKROOT; };
		58A21B1A24B34F6000334E17 /* AuthenticationServices.framework */ = {isa = PBXFileReference; lastKnownFileType = wrapper.framework; name = AuthenticationServices.framework; path = System/Library/Frameworks/AuthenticationServices.framework; sourceTree = SDKROOT; };
		58A21B2D24B34FAF00334E17 /* CoronaStatsExtension.appex */ = {isa = PBXFileReference; explicitFileType = "wrapper.app-extension"; includeInIndex = 0; path = CoronaStatsExtension.appex; sourceTree = BUILT_PRODUCTS_DIR; };
		58A21B3124B34FAF00334E17 /* CoronaStats.swift */ = {isa = PBXFileReference; lastKnownFileType = sourcecode.swift; path = CoronaStats.swift; sourceTree = "<group>"; };
		58A21B3324B34FB100334E17 /* Assets.xcassets */ = {isa = PBXFileReference; lastKnownFileType = folder.assetcatalog; path = Assets.xcassets; sourceTree = "<group>"; };
		58A21B3524B34FB100334E17 /* Info.plist */ = {isa = PBXFileReference; lastKnownFileType = text.plist.xml; path = Info.plist; sourceTree = "<group>"; };
/* End PBXFileReference section */

/* Begin PBXFrameworksBuildPhase section */
		58A21AB824B3469100334E17 /* Frameworks */ = {
			isa = PBXFrameworksBuildPhase;
			buildActionMask = 2147483647;
			files = (
				5892263224B4A11000DFC134 /* Alamofire in Frameworks */,
			);
			runOnlyForDeploymentPostprocessing = 0;
		};
		58A21B2A24B34FAF00334E17 /* Frameworks */ = {
			isa = PBXFrameworksBuildPhase;
			buildActionMask = 2147483647;
			files = (
				5892263524B4AA1B00DFC134 /* Alamofire in Frameworks */,
				58A21B2F24B34FAF00334E17 /* SwiftUI.framework in Frameworks */,
				58A21B2E24B34FAF00334E17 /* WidgetKit.framework in Frameworks */,
			);
			runOnlyForDeploymentPostprocessing = 0;
		};
/* End PBXFrameworksBuildPhase section */

/* Begin PBXGroup section */
		5892262824B49CDB00DFC134 /* Model */ = {
			isa = PBXGroup;
			children = (
				5892262924B49CE900DFC134 /* Country.swift */,
			);
			path = Model;
			sourceTree = "<group>";
		};
		5892262B24B49D4700DFC134 /* NetworkManager */ = {
			isa = PBXGroup;
			children = (
				5892262C24B49D5300DFC134 /* NetworkManager.swift */,
			);
			path = NetworkManager;
			sourceTree = "<group>";
		};
		58A21AB224B3469100334E17 = {
			isa = PBXGroup;
			children = (
				5892263624B4B5C600DFC134 /* CoronaStatsExtension.entitlements */,
				58A21ABD24B3469100334E17 /* WidgetDemo */,
				58A21B3024B34FAF00334E17 /* CoronaStats */,
				58A21AD724B346B400334E17 /* Frameworks */,
				58A21ABC24B3469100334E17 /* Products */,
			);
			sourceTree = "<group>";
		};
		58A21ABC24B3469100334E17 /* Products */ = {
			isa = PBXGroup;
			children = (
				58A21ABB24B3469100334E17 /* WidgetDemo.app */,
				58A21B2D24B34FAF00334E17 /* CoronaStatsExtension.appex */,
			);
			name = Products;
			sourceTree = "<group>";
		};
		58A21ABD24B3469100334E17 /* WidgetDemo */ = {
			isa = PBXGroup;
			children = (
				5892263724B4B5D800DFC134 /* WidgetDemo.entitlements */,
				5892262B24B49D4700DFC134 /* NetworkManager */,
				5892262824B49CDB00DFC134 /* Model */,
				58A21ABE24B3469100334E17 /* AppDelegate.swift */,
				58A21AC024B3469100334E17 /* SceneDelegate.swift */,
				58A21AC224B3469100334E17 /* ContentView.swift */,
				58A21AC424B3469300334E17 /* Assets.xcassets */,
				58A21AC924B3469300334E17 /* LaunchScreen.storyboard */,
				58A21ACC24B3469300334E17 /* Info.plist */,
				58A21AC624B3469300334E17 /* Preview Content */,
			);
			path = WidgetDemo;
			sourceTree = "<group>";
		};
		58A21AC624B3469300334E17 /* Preview Content */ = {
			isa = PBXGroup;
			children = (
				58A21AC724B3469300334E17 /* Preview Assets.xcassets */,
			);
			path = "Preview Content";
			sourceTree = "<group>";
		};
		58A21AD724B346B400334E17 /* Frameworks */ = {
			isa = PBXGroup;
			children = (
				58A21AD824B346B400334E17 /* WidgetKit.framework */,
				58A21ADA24B346B400334E17 /* SwiftUI.framework */,
				58A21B1A24B34F6000334E17 /* AuthenticationServices.framework */,
			);
			name = Frameworks;
			sourceTree = "<group>";
		};
		58A21B3024B34FAF00334E17 /* CoronaStats */ = {
			isa = PBXGroup;
			children = (
				58A21B3124B34FAF00334E17 /* CoronaStats.swift */,
				58A21B3324B34FB100334E17 /* Assets.xcassets */,
				58A21B3524B34FB100334E17 /* Info.plist */,
			);
			path = CoronaStats;
			sourceTree = "<group>";
		};
/* End PBXGroup section */

/* Begin PBXNativeTarget section */
		58A21ABA24B3469100334E17 /* WidgetDemo */ = {
			isa = PBXNativeTarget;
			buildConfigurationList = 58A21ACF24B3469300334E17 /* Build configuration list for PBXNativeTarget "WidgetDemo" */;
			buildPhases = (
				58A21AB724B3469100334E17 /* Sources */,
				58A21AB824B3469100334E17 /* Frameworks */,
				58A21AB924B3469100334E17 /* Resources */,
				58A21AE824B346B600334E17 /* Embed App Extensions */,
			);
			buildRules = (
			);
			dependencies = (
				58A21B3724B34FB100334E17 /* PBXTargetDependency */,
			);
			name = WidgetDemo;
			packageProductDependencies = (
				5892263124B4A11000DFC134 /* Alamofire */,
			);
			productName = WidgetDemo;
			productReference = 58A21ABB24B3469100334E17 /* WidgetDemo.app */;
			productType = "com.apple.product-type.application";
		};
		58A21B2C24B34FAF00334E17 /* CoronaStatsExtension */ = {
			isa = PBXNativeTarget;
			buildConfigurationList = 58A21B3924B34FB100334E17 /* Build configuration list for PBXNativeTarget "CoronaStatsExtension" */;
			buildPhases = (
				58A21B2924B34FAF00334E17 /* Sources */,
				58A21B2A24B34FAF00334E17 /* Frameworks */,
				58A21B2B24B34FAF00334E17 /* Resources */,
			);
			buildRules = (
			);
			dependencies = (
			);
			name = CoronaStatsExtension;
			packageProductDependencies = (
				5892263424B4AA1B00DFC134 /* Alamofire */,
			);
			productName = CoronaStatsExtension;
			productReference = 58A21B2D24B34FAF00334E17 /* CoronaStatsExtension.appex */;
			productType = "com.apple.product-type.app-extension";
		};
/* End PBXNativeTarget section */

/* Begin PBXProject section */
		58A21AB324B3469100334E17 /* Project object */ = {
			isa = PBXProject;
			attributes = {
				LastSwiftUpdateCheck = 1200;
				LastUpgradeCheck = 1200;
				TargetAttributes = {
					58A21ABA24B3469100334E17 = {
						CreatedOnToolsVersion = 12.0;
					};
					58A21B2C24B34FAF00334E17 = {
						CreatedOnToolsVersion = 12.0;
					};
				};
			};
			buildConfigurationList = 58A21AB624B3469100334E17 /* Build configuration list for PBXProject "WidgetDemo" */;
			compatibilityVersion = "Xcode 9.3";
			developmentRegion = en;
			hasScannedForEncodings = 0;
			knownRegions = (
				en,
				Base,
			);
			mainGroup = 58A21AB224B3469100334E17;
			packageReferences = (
				5892262E24B49F8900DFC134 /* XCRemoteSwiftPackageReference "Alamofire" */,
			);
			productRefGroup = 58A21ABC24B3469100334E17 /* Products */;
			projectDirPath = "";
			projectRoot = "";
			targets = (
				58A21ABA24B3469100334E17 /* WidgetDemo */,
				58A21B2C24B34FAF00334E17 /* CoronaStatsExtension */,
			);
		};
/* End PBXProject section */

/* Begin PBXResourcesBuildPhase section */
		58A21AB924B3469100334E17 /* Resources */ = {
			isa = PBXResourcesBuildPhase;
			buildActionMask = 2147483647;
			files = (
				58A21ACB24B3469300334E17 /* LaunchScreen.storyboard in Resources */,
				58A21AC824B3469300334E17 /* Preview Assets.xcassets in Resources */,
				58A21AC524B3469300334E17 /* Assets.xcassets in Resources */,
			);
			runOnlyForDeploymentPostprocessing = 0;
		};
		58A21B2B24B34FAF00334E17 /* Resources */ = {
			isa = PBXResourcesBuildPhase;
			buildActionMask = 2147483647;
			files = (
				58A21B3424B34FB100334E17 /* Assets.xcassets in Resources */,
			);
			runOnlyForDeploymentPostprocessing = 0;
		};
/* End PBXResourcesBuildPhase section */

/* Begin PBXSourcesBuildPhase section */
		58A21AB724B3469100334E17 /* Sources */ = {
			isa = PBXSourcesBuildPhase;
			buildActionMask = 2147483647;
			files = (
				5892262A24B49CE900DFC134 /* Country.swift in Sources */,
				58A21ABF24B3469100334E17 /* AppDelegate.swift in Sources */,
				5892262D24B49D5300DFC134 /* NetworkManager.swift in Sources */,
				58A21AC124B3469100334E17 /* SceneDelegate.swift in Sources */,
				58A21AC324B3469100334E17 /* ContentView.swift in Sources */,
			);
			runOnlyForDeploymentPostprocessing = 0;
		};
		58A21B2924B34FAF00334E17 /* Sources */ = {
			isa = PBXSourcesBuildPhase;
			buildActionMask = 2147483647;
			files = (
				5892263324B4AA0B00DFC134 /* NetworkManager.swift in Sources */,
				58A21B3224B34FAF00334E17 /* CoronaStats.swift in Sources */,
			);
			runOnlyForDeploymentPostprocessing = 0;
		};
/* End PBXSourcesBuildPhase section */

/* Begin PBXTargetDependency section */
		58A21B3724B34FB100334E17 /* PBXTargetDependency */ = {
			isa = PBXTargetDependency;
			target = 58A21B2C24B34FAF00334E17 /* CoronaStatsExtension */;
			targetProxy = 58A21B3624B34FB100334E17 /* PBXContainerItemProxy */;
		};
/* End PBXTargetDependency section */

/* Begin PBXVariantGroup section */
		58A21AC924B3469300334E17 /* LaunchScreen.storyboard */ = {
			isa = PBXVariantGroup;
			children = (
				58A21ACA24B3469300334E17 /* Base */,
			);
			name = LaunchScreen.storyboard;
			sourceTree = "<group>";
		};
/* End PBXVariantGroup section */

/* Begin XCBuildConfiguration section */
		58A21ACD24B3469300334E17 /* Debug */ = {
			isa = XCBuildConfiguration;
			buildSettings = {
				ALWAYS_SEARCH_USER_PATHS = NO;
				CLANG_ANALYZER_NONNULL = YES;
				CLANG_ANALYZER_NUMBER_OBJECT_CONVERSION = YES_AGGRESSIVE;
				CLANG_CXX_LANGUAGE_STANDARD = "gnu++14";
				CLANG_CXX_LIBRARY = "libc++";
				CLANG_ENABLE_MODULES = YES;
				CLANG_ENABLE_OBJC_ARC = YES;
				CLANG_ENABLE_OBJC_WEAK = YES;
				CLANG_WARN_BLOCK_CAPTURE_AUTORELEASING = YES;
				CLANG_WARN_BOOL_CONVERSION = YES;
				CLANG_WARN_COMMA = YES;
				CLANG_WARN_CONSTANT_CONVERSION = YES;
				CLANG_WARN_DEPRECATED_OBJC_IMPLEMENTATIONS = YES;
				CLANG_WARN_DIRECT_OBJC_ISA_USAGE = YES_ERROR;
				CLANG_WARN_DOCUMENTATION_COMMENTS = YES;
				CLANG_WARN_EMPTY_BODY = YES;
				CLANG_WARN_ENUM_CONVERSION = YES;
				CLANG_WARN_INFINITE_RECURSION = YES;
				CLANG_WARN_INT_CONVERSION = YES;
				CLANG_WARN_NON_LITERAL_NULL_CONVERSION = YES;
				CLANG_WARN_OBJC_IMPLICIT_RETAIN_SELF = YES;
				CLANG_WARN_OBJC_LITERAL_CONVERSION = YES;
				CLANG_WARN_OBJC_ROOT_CLASS = YES_ERROR;
				CLANG_WARN_QUOTED_INCLUDE_IN_FRAMEWORK_HEADER = YES;
				CLANG_WARN_RANGE_LOOP_ANALYSIS = YES;
				CLANG_WARN_STRICT_PROTOTYPES = YES;
				CLANG_WARN_SUSPICIOUS_MOVE = YES;
				CLANG_WARN_UNGUARDED_AVAILABILITY = YES_AGGRESSIVE;
				CLANG_WARN_UNREACHABLE_CODE = YES;
				CLANG_WARN__DUPLICATE_METHOD_MATCH = YES;
				COPY_PHASE_STRIP = NO;
				DEBUG_INFORMATION_FORMAT = dwarf;
				ENABLE_STRICT_OBJC_MSGSEND = YES;
				ENABLE_TESTABILITY = YES;
				GCC_C_LANGUAGE_STANDARD = gnu11;
				GCC_DYNAMIC_NO_PIC = NO;
				GCC_NO_COMMON_BLOCKS = YES;
				GCC_OPTIMIZATION_LEVEL = 0;
				GCC_PREPROCESSOR_DEFINITIONS = (
					"DEBUG=1",
					"$(inherited)",
				);
				GCC_WARN_64_TO_32_BIT_CONVERSION = YES;
				GCC_WARN_ABOUT_RETURN_TYPE = YES_ERROR;
				GCC_WARN_UNDECLARED_SELECTOR = YES;
				GCC_WARN_UNINITIALIZED_AUTOS = YES_AGGRESSIVE;
				GCC_WARN_UNUSED_FUNCTION = YES;
				GCC_WARN_UNUSED_VARIABLE = YES;
				IPHONEOS_DEPLOYMENT_TARGET = 14.0;
				MTL_ENABLE_DEBUG_INFO = INCLUDE_SOURCE;
				MTL_FAST_MATH = YES;
				ONLY_ACTIVE_ARCH = YES;
				SDKROOT = iphoneos;
				SWIFT_ACTIVE_COMPILATION_CONDITIONS = DEBUG;
				SWIFT_OPTIMIZATION_LEVEL = "-Onone";
			};
			name = Debug;
		};
		58A21ACE24B3469300334E17 /* Release */ = {
			isa = XCBuildConfiguration;
			buildSettings = {
				ALWAYS_SEARCH_USER_PATHS = NO;
				CLANG_ANALYZER_NONNULL = YES;
				CLANG_ANALYZER_NUMBER_OBJECT_CONVERSION = YES_AGGRESSIVE;
				CLANG_CXX_LANGUAGE_STANDARD = "gnu++14";
				CLANG_CXX_LIBRARY = "libc++";
				CLANG_ENABLE_MODULES = YES;
				CLANG_ENABLE_OBJC_ARC = YES;
				CLANG_ENABLE_OBJC_WEAK = YES;
				CLANG_WARN_BLOCK_CAPTURE_AUTORELEASING = YES;
				CLANG_WARN_BOOL_CONVERSION = YES;
				CLANG_WARN_COMMA = YES;
				CLANG_WARN_CONSTANT_CONVERSION = YES;
				CLANG_WARN_DEPRECATED_OBJC_IMPLEMENTATIONS = YES;
				CLANG_WARN_DIRECT_OBJC_ISA_USAGE = YES_ERROR;
				CLANG_WARN_DOCUMENTATION_COMMENTS = YES;
				CLANG_WARN_EMPTY_BODY = YES;
				CLANG_WARN_ENUM_CONVERSION = YES;
				CLANG_WARN_INFINITE_RECURSION = YES;
				CLANG_WARN_INT_CONVERSION = YES;
				CLANG_WARN_NON_LITERAL_NULL_CONVERSION = YES;
				CLANG_WARN_OBJC_IMPLICIT_RETAIN_SELF = YES;
				CLANG_WARN_OBJC_LITERAL_CONVERSION = YES;
				CLANG_WARN_OBJC_ROOT_CLASS = YES_ERROR;
				CLANG_WARN_QUOTED_INCLUDE_IN_FRAMEWORK_HEADER = YES;
				CLANG_WARN_RANGE_LOOP_ANALYSIS = YES;
				CLANG_WARN_STRICT_PROTOTYPES = YES;
				CLANG_WARN_SUSPICIOUS_MOVE = YES;
				CLANG_WARN_UNGUARDED_AVAILABILITY = YES_AGGRESSIVE;
				CLANG_WARN_UNREACHABLE_CODE = YES;
				CLANG_WARN__DUPLICATE_METHOD_MATCH = YES;
				COPY_PHASE_STRIP = NO;
				DEBUG_INFORMATION_FORMAT = "dwarf-with-dsym";
				ENABLE_NS_ASSERTIONS = NO;
				ENABLE_STRICT_OBJC_MSGSEND = YES;
				GCC_C_LANGUAGE_STANDARD = gnu11;
				GCC_NO_COMMON_BLOCKS = YES;
				GCC_WARN_64_TO_32_BIT_CONVERSION = YES;
				GCC_WARN_ABOUT_RETURN_TYPE = YES_ERROR;
				GCC_WARN_UNDECLARED_SELECTOR = YES;
				GCC_WARN_UNINITIALIZED_AUTOS = YES_AGGRESSIVE;
				GCC_WARN_UNUSED_FUNCTION = YES;
				GCC_WARN_UNUSED_VARIABLE = YES;
				IPHONEOS_DEPLOYMENT_TARGET = 14.0;
				MTL_ENABLE_DEBUG_INFO = NO;
				MTL_FAST_MATH = YES;
				SDKROOT = iphoneos;
				SWIFT_COMPILATION_MODE = wholemodule;
				SWIFT_OPTIMIZATION_LEVEL = "-O";
				VALIDATE_PRODUCT = YES;
			};
			name = Release;
		};
		58A21AD024B3469300334E17 /* Debug */ = {
			isa = XCBuildConfiguration;
			buildSettings = {
				ALWAYS_EMBED_SWIFT_STANDARD_LIBRARIES = YES;
				ASSETCATALOG_COMPILER_APPICON_NAME = AppIcon;
				ASSETCATALOG_COMPILER_GLOBAL_ACCENT_COLOR_NAME = AccentColor;
				CODE_SIGN_ENTITLEMENTS = WidgetDemo/WidgetDemo.entitlements;
				CODE_SIGN_STYLE = Automatic;
				DEVELOPMENT_ASSET_PATHS = "\"WidgetDemo/Preview Content\"";
				DEVELOPMENT_TEAM = V2T6D37PG3;
				ENABLE_PREVIEWS = YES;
				INFOPLIST_FILE = WidgetDemo/Info.plist;
				LD_RUNPATH_SEARCH_PATHS = (
					"$(inherited)",
					"@executable_path/Frameworks",
				);
				PRODUCT_BUNDLE_IDENTIFIER = com.piyushchopra.widgetdemo;
				PRODUCT_NAME = "$(TARGET_NAME)";
				SWIFT_VERSION = 5.0;
				TARGETED_DEVICE_FAMILY = "1,2";
			};
			name = Debug;
		};
		58A21AD124B3469300334E17 /* Release */ = {
			isa = XCBuildConfiguration;
			buildSettings = {
				ALWAYS_EMBED_SWIFT_STANDARD_LIBRARIES = YES;
				ASSETCATALOG_COMPILER_APPICON_NAME = AppIcon;
				ASSETCATALOG_COMPILER_GLOBAL_ACCENT_COLOR_NAME = AccentColor;
				CODE_SIGN_ENTITLEMENTS = WidgetDemo/WidgetDemo.entitlements;
				CODE_SIGN_STYLE = Automatic;
				DEVELOPMENT_ASSET_PATHS = "\"WidgetDemo/Preview Content\"";
				DEVELOPMENT_TEAM = V2T6D37PG3;
				ENABLE_PREVIEWS = YES;
				INFOPLIST_FILE = WidgetDemo/Info.plist;
				LD_RUNPATH_SEARCH_PATHS = (
					"$(inherited)",
					"@executable_path/Frameworks",
				);
				PRODUCT_BUNDLE_IDENTIFIER = com.piyushchopra.widgetdemo;
				PRODUCT_NAME = "$(TARGET_NAME)";
				SWIFT_VERSION = 5.0;
				TARGETED_DEVICE_FAMILY = "1,2";
			};
			name = Release;
		};
		58A21B3A24B34FB100334E17 /* Debug */ = {
			isa = XCBuildConfiguration;
			buildSettings = {
				ASSETCATALOG_COMPILER_GLOBAL_ACCENT_COLOR_NAME = AccentColor;
				ASSETCATALOG_COMPILER_WIDGET_BACKGROUND_COLOR_NAME = WidgetBackground;
				CODE_SIGN_ENTITLEMENTS = CoronaStatsExtension.entitlements;
				CODE_SIGN_STYLE = Automatic;
				DEVELOPMENT_TEAM = V2T6D37PG3;
				INFOPLIST_FILE = CoronaStats/Info.plist;
				LD_RUNPATH_SEARCH_PATHS = (
					"$(inherited)",
					"@executable_path/Frameworks",
					"@executable_path/../../Frameworks",
				);
				PRODUCT_BUNDLE_IDENTIFIER = com.piyushchopra.widgetdemo.CoronaStats;
				PRODUCT_NAME = "$(TARGET_NAME)";
				SKIP_INSTALL = YES;
				SWIFT_VERSION = 5.0;
				TARGETED_DEVICE_FAMILY = "1,2";
			};
			name = Debug;
		};
		58A21B3B24B34FB100334E17 /* Release */ = {
			isa = XCBuildConfiguration;
			buildSettings = {
				ASSETCATALOG_COMPILER_GLOBAL_ACCENT_COLOR_NAME = AccentColor;
				ASSETCATALOG_COMPILER_WIDGET_BACKGROUND_COLOR_NAME = WidgetBackground;
				CODE_SIGN_ENTITLEMENTS = CoronaStatsExtension.entitlements;
				CODE_SIGN_STYLE = Automatic;
				DEVELOPMENT_TEAM = V2T6D37PG3;
				INFOPLIST_FILE = CoronaStats/Info.plist;
				LD_RUNPATH_SEARCH_PATHS = (
					"$(inherited)",
					"@executable_path/Frameworks",
					"@executable_path/../../Frameworks",
				);
				PRODUCT_BUNDLE_IDENTIFIER = com.piyushchopra.widgetdemo.CoronaStats;
				PRODUCT_NAME = "$(TARGET_NAME)";
				SKIP_INSTALL = YES;
				SWIFT_VERSION = 5.0;
				TARGETED_DEVICE_FAMILY = "1,2";
			};
			name = Release;
		};
/* End XCBuildConfiguration section */

/* Begin XCConfigurationList section */
		58A21AB624B3469100334E17 /* Build configuration list for PBXProject "WidgetDemo" */ = {
			isa = XCConfigurationList;
			buildConfigurations = (
				58A21ACD24B3469300334E17 /* Debug */,
				58A21ACE24B3469300334E17 /* Release */,
			);
			defaultConfigurationIsVisible = 0;
			defaultConfigurationName = Release;
		};
		58A21ACF24B3469300334E17 /* Build configuration list for PBXNativeTarget "WidgetDemo" */ = {
			isa = XCConfigurationList;
			buildConfigurations = (
				58A21AD024B3469300334E17 /* Debug */,
				58A21AD124B3469300334E17 /* Release */,
			);
			defaultConfigurationIsVisible = 0;
			defaultConfigurationName = Release;
		};
		58A21B3924B34FB100334E17 /* Build configuration list for PBXNativeTarget "CoronaStatsExtension" */ = {
			isa = XCConfigurationList;
			buildConfigurations = (
				58A21B3A24B34FB100334E17 /* Debug */,
				58A21B3B24B34FB100334E17 /* Release */,
			);
			defaultConfigurationIsVisible = 0;
			defaultConfigurationName = Release;
		};
/* End XCConfigurationList section */

/* Begin XCRemoteSwiftPackageReference section */
		5892262E24B49F8900DFC134 /* XCRemoteSwiftPackageReference "Alamofire" */ = {
			isa = XCRemoteSwiftPackageReference;
			repositoryURL = "https://github.com/Alamofire/Alamofire.git";
			requirement = {
				kind = exactVersion;
				version = 4.9.1;
			};
		};
/* End XCRemoteSwiftPackageReference section */

/* Begin XCSwiftPackageProductDependency section */
		5892263124B4A11000DFC134 /* Alamofire */ = {
			isa = XCSwiftPackageProductDependency;
			package = 5892262E24B49F8900DFC134 /* XCRemoteSwiftPackageReference "Alamofire" */;
			productName = Alamofire;
		};
		5892263424B4AA1B00DFC134 /* Alamofire */ = {
			isa = XCSwiftPackageProductDependency;
			package = 5892262E24B49F8900DFC134 /* XCRemoteSwiftPackageReference "Alamofire" */;
			productName = Alamofire;
		};
/* End XCSwiftPackageProductDependency section */
	};
	rootObject = 58A21AB324B3469100334E17 /* Project object */;
}
